// !$*UTF8*$!
{
	archiveVersion = 1;
	classes = {
	};
	objectVersion = 46;
	objects = {

/* Begin PBXBuildFile section */
		92684AEC1C7118F600AB446F /* AppDelegate.swift in Sources */ = {isa = PBXBuildFile; fileRef = 92684AEB1C7118F600AB446F /* AppDelegate.swift */; };
		92684AEE1C7118F600AB446F /* ViewController.swift in Sources */ = {isa = PBXBuildFile; fileRef = 92684AED1C7118F600AB446F /* ViewController.swift */; };
		92684AF11C7118F600AB446F /* Main.storyboard in Resources */ = {isa = PBXBuildFile; fileRef = 92684AEF1C7118F600AB446F /* Main.storyboard */; };
		92684AF31C7118F600AB446F /* Assets.xcassets in Resources */ = {isa = PBXBuildFile; fileRef = 92684AF21C7118F600AB446F /* Assets.xcassets */; };
		92684AF61C7118F600AB446F /* LaunchScreen.storyboard in Resources */ = {isa = PBXBuildFile; fileRef = 92684AF41C7118F600AB446F /* LaunchScreen.storyboard */; };
		92684AFE1C711E5100AB446F /* SecondViewController.swift in Sources */ = {isa = PBXBuildFile; fileRef = 92684AFD1C711E5100AB446F /* SecondViewController.swift */; };
		92CDC23B1C721AE400C12DF9 /* ThirdViewController.swift in Sources */ = {isa = PBXBuildFile; fileRef = 92CDC23A1C721AE400C12DF9 /* ThirdViewController.swift */; };
		92CDC23D1C721B5300C12DF9 /* LabelledViewController.swift in Sources */ = {isa = PBXBuildFile; fileRef = 92CDC23C1C721B5300C12DF9 /* LabelledViewController.swift */; };
/* End PBXBuildFile section */

/* Begin PBXFileReference section */
		92684AE81C7118F600AB446F /* TwoView.app */ = {isa = PBXFileReference; explicitFileType = wrapper.application; includeInIndex = 0; path = TwoView.app; sourceTree = BUILT_PRODUCTS_DIR; };
		92684AEB1C7118F600AB446F /* AppDelegate.swift */ = {isa = PBXFileReference; lastKnownFileType = sourcecode.swift; path = AppDelegate.swift; sourceTree = "<group>"; };
		92684AED1C7118F600AB446F /* ViewController.swift */ = {isa = PBXFileReference; lastKnownFileType = sourcecode.swift; path = ViewController.swift; sourceTree = "<group>"; };
		92684AF01C7118F600AB446F /* Base */ = {isa = PBXFileReference; lastKnownFileType = file.storyboard; name = Base; path = Base.lproj/Main.storyboard; sourceTree = "<group>"; };
		92684AF21C7118F600AB446F /* Assets.xcassets */ = {isa = PBXFileReference; lastKnownFileType = folder.assetcatalog; path = Assets.xcassets; sourceTree = "<group>"; };
		92684AF51C7118F600AB446F /* Base */ = {isa = PBXFileReference; lastKnownFileType = file.storyboard; name = Base; path = Base.lproj/LaunchScreen.storyboard; sourceTree = "<group>"; };
		92684AF71C7118F600AB446F /* Info.plist */ = {isa = PBXFileReference; lastKnownFileType = text.plist.xml; path = Info.plist; sourceTree = "<group>"; };
		92684AFD1C711E5100AB446F /* SecondViewController.swift */ = {isa = PBXFileReference; fileEncoding = 4; lastKnownFileType = sourcecode.swift; path = SecondViewController.swift; sourceTree = "<group>"; };
		92CDC23A1C721AE400C12DF9 /* ThirdViewController.swift */ = {isa = PBXFileReference; fileEncoding = 4; lastKnownFileType = sourcecode.swift; path = ThirdViewController.swift; sourceTree = "<group>"; };
		92CDC23C1C721B5300C12DF9 /* LabelledViewController.swift */ = {isa = PBXFileReference; fileEncoding = 4; lastKnownFileType = sourcecode.swift; path = LabelledViewController.swift; sourceTree = "<group>"; };
/* End PBXFileReference section */

/* Begin PBXFrameworksBuildPhase section */
		92684AE51C7118F600AB446F /* Frameworks */ = {
			isa = PBXFrameworksBuildPhase;
			buildActionMask = 2147483647;
			files = (
			);
			runOnlyForDeploymentPostprocessing = 0;
		};
/* End PBXFrameworksBuildPhase section */

/* Begin PBXGroup section */
		92684ADF1C7118F600AB446F = {
			isa = PBXGroup;
			children = (
				92684AEA1C7118F600AB446F /* TwoView */,
				92684AE91C7118F600AB446F /* Products */,
			);
			sourceTree = "<group>";
		};
		92684AE91C7118F600AB446F /* Products */ = {
			isa = PBXGroup;
			children = (
				92684AE81C7118F600AB446F /* TwoView.app */,
			);
			name = Products;
			sourceTree = "<group>";
		};
		92684AEA1C7118F600AB446F /* TwoView */ = {
			isa = PBXGroup;
			children = (
				92684AF41C7118F600AB446F /* LaunchScreen.storyboard */,
				92684AEB1C7118F600AB446F /* AppDelegate.swift */,
				92684AEF1C7118F600AB446F /* Main.storyboard */,
				92CDC23C1C721B5300C12DF9 /* LabelledViewController.swift */,
				92684AED1C7118F600AB446F /* ViewController.swift */,
				92684AFD1C711E5100AB446F /* SecondViewController.swift */,
				92CDC23A1C721AE400C12DF9 /* ThirdViewController.swift */,
				92684AF21C7118F600AB446F /* Assets.xcassets */,
				92684AF71C7118F600AB446F /* Info.plist */,
			);
			path = TwoView;
			sourceTree = "<group>";
		};
/* End PBXGroup section */

/* Begin PBXNativeTarget section */
		92684AE71C7118F600AB446F /* TwoView */ = {
			isa = PBXNativeTarget;
			buildConfigurationList = 92684AFA1C7118F600AB446F /* Build configuration list for PBXNativeTarget "TwoView" */;
			buildPhases = (
				92684AE41C7118F600AB446F /* Sources */,
				92684AE51C7118F600AB446F /* Frameworks */,
				92684AE61C7118F600AB446F /* Resources */,
			);
			buildRules = (
			);
			dependencies = (
			);
			name = TwoView;
			productName = TwoView;
			productReference = 92684AE81C7118F600AB446F /* TwoView.app */;
			productType = "com.apple.product-type.application";
		};
/* End PBXNativeTarget section */

/* Begin PBXProject section */
		92684AE01C7118F600AB446F /* Project object */ = {
			isa = PBXProject;
			attributes = {
				LastSwiftUpdateCheck = 0720;
				LastUpgradeCheck = 0720;
				ORGANIZATIONNAME = Weimar;
				TargetAttributes = {
					92684AE71C7118F600AB446F = {
						CreatedOnToolsVersion = 7.2.1;
					};
				};
			};
			buildConfigurationList = 92684AE31C7118F600AB446F /* Build configuration list for PBXProject "TwoView" */;
			compatibilityVersion = "Xcode 3.2";
			developmentRegion = English;
			hasScannedForEncodings = 0;
			knownRegions = (
				en,
				Base,
			);
			mainGroup = 92684ADF1C7118F600AB446F;
			productRefGroup = 92684AE91C7118F600AB446F /* Products */;
			projectDirPath = "";
			projectRoot = "";
			targets = (
				92684AE71C7118F600AB446F /* TwoView */,
			);
		};
/* End PBXProject section */

/* Begin PBXResourcesBuildPhase section */
		92684AE61C7118F600AB446F /* Resources */ = {
			isa = PBXResourcesBuildPhase;
			buildActionMask = 2147483647;
			files = (
				92684AF61C7118F600AB446F /* LaunchScreen.storyboard in Resources */,
				92684AF31C7118F600AB446F /* Assets.xcassets in Resources */,
				92684AF11C7118F600AB446F /* Main.storyboard in Resources */,
			);
			runOnlyForDeploymentPostprocessing = 0;
		};
/* End PBXResourcesBuildPhase section */

/* Begin PBXSourcesBuildPhase section */
		92684AE41C7118F600AB446F /* Sources */ = {
			isa = PBXSourcesBuildPhase;
			buildActionMask = 2147483647;
			files = (
				92684AEE1C7118F600AB446F /* ViewController.swift in Sources */,
				92684AFE1C711E5100AB446F /* SecondViewController.swift in Sources */,
				92CDC23D1C721B5300C12DF9 /* LabelledViewController.swift in Sources */,
				92CDC23B1C721AE400C12DF9 /* ThirdViewController.swift in Sources */,
				92684AEC1C7118F600AB446F /* AppDelegate.swift in Sources */,
			);
			runOnlyForDeploymentPostprocessing = 0;
		};
/* End PBXSourcesBuildPhase section */

/* Begin PBXVariantGroup section */
		92684AEF1C7118F600AB446F /* Main.storyboard */ = {
			isa = PBXVariantGroup;
			children = (
				92684AF01C7118F600AB446F /* Base */,
			);
			name = Main.storyboard;
			sourceTree = "<group>";
		};
		92684AF41C7118F600AB446F /* LaunchScreen.storyboard */ = {
			isa = PBXVariantGroup;
			children = (
				92684AF51C7118F600AB446F /* Base */,
			);
			name = LaunchScreen.storyboard;
			sourceTree = "<group>";
		};
/* End PBXVariantGroup section */

/* Begin XCBuildConfiguration section */
		92684AF81C7118F600AB446F /* Debug */ = {
			isa = XCBuildConfiguration;
			buildSettings = {
				ALWAYS_SEARCH_USER_PATHS = NO;
				CLANG_CXX_LANGUAGE_STANDARD = "gnu++0x";
				CLANG_CXX_LIBRARY = "libc++";
				CLANG_ENABLE_MODULES = YES;
				CLANG_ENABLE_OBJC_ARC = YES;
				CLANG_WARN_BOOL_CONVERSION = YES;
				CLANG_WARN_CONSTANT_CONVERSION = YES;
				CLANG_WARN_DIRECT_OBJC_ISA_USAGE = YES_ERROR;
				CLANG_WARN_EMPTY_BODY = YES;
				CLANG_WARN_ENUM_CONVERSION = YES;
				CLANG_WARN_INT_CONVERSION = YES;
				CLANG_WARN_OBJC_ROOT_CLASS = YES_ERROR;
				CLANG_WARN_UNREACHABLE_CODE = YES;
				CLANG_WARN__DUPLICATE_METHOD_MATCH = YES;
				"CODE_SIGN_IDENTITY[sdk=iphoneos*]" = "iPhone Developer";
				COPY_PHASE_STRIP = NO;
				DEBUG_INFORMATION_FORMAT = dwarf;
				ENABLE_STRICT_OBJC_MSGSEND = YES;
				ENABLE_TESTABILITY = YES;
				GCC_C_LANGUAGE_STANDARD = gnu99;
				GCC_DYNAMIC_NO_PIC = NO;
				GCC_NO_COMMON_BLOCKS = YES;
				GCC_OPTIMIZATION_LEVEL = 0;
				GCC_PREPROCESSOR_DEFINITIONS = (
					"DEBUG=1",
					"$(inherited)",
				);
				GCC_WARN_64_TO_32_BIT_CONVERSION = YES;
				GCC_WARN_ABOUT_RETURN_TYPE = YES_ERROR;
				GCC_WARN_UNDECLARED_SELECTOR = YES;
				GCC_WARN_UNINITIALIZED_AUTOS = YES_AGGRESSIVE;
				GCC_WARN_UNUSED_FUNCTION = YES;
				GCC_WARN_UNUSED_VARIABLE = YES;
				IPHONEOS_DEPLOYMENT_TARGET = 9.2;
				MTL_ENABLE_DEBUG_INFO = YES;
				ONLY_ACTIVE_ARCH = YES;
				SDKROOT = iphoneos;
				SWIFT_OPTIMIZATION_LEVEL = "-Onone";
				TARGETED_DEVICE_FAMILY = "1,2";
			};
			name = Debug;
		};
		92684AF91C7118F600AB446F /* Release */ = {
			isa = XCBuildConfiguration;
			buildSettings = {
				ALWAYS_SEARCH_USER_PATHS = NO;
				CLANG_CXX_LANGUAGE_STANDARD = "gnu++0x";
				CLANG_CXX_LIBRARY = "libc++";
				CLANG_ENABLE_MODULES = YES;
				CLANG_ENABLE_OBJC_ARC = YES;
				CLANG_WARN_BOOL_CONVERSION = YES;
				CLANG_WARN_CONSTANT_CONVERSION = YES;
				CLANG_WARN_DIRECT_OBJC_ISA_USAGE = YES_ERROR;
				CLANG_WARN_EMPTY_BODY = YES;
				CLANG_WARN_ENUM_CONVERSION = YES;
				CLANG_WARN_INT_CONVERSION = YES;
				CLANG_WARN_OBJC_ROOT_CLASS = YES_ERROR;
				CLANG_WARN_UNREACHABLE_CODE = YES;
				CLANG_WARN__DUPLICATE_METHOD_MATCH = YES;
				"CODE_SIGN_IDENTITY[sdk=iphoneos*]" = "iPhone Developer";
				COPY_PHASE_STRIP = NO;
				DEBUG_INFORMATION_FORMAT = "dwarf-with-dsym";
				ENABLE_NS_ASSERTIONS = NO;
				ENABLE_STRICT_OBJC_MSGSEND = YES;
				GCC_C_LANGUAGE_STANDARD = gnu99;
				GCC_NO_COMMON_BLOCKS = YES;
				GCC_WARN_64_TO_32_BIT_CONVERSION = YES;
				GCC_WARN_ABOUT_RETURN_TYPE = YES_ERROR;
				GCC_WARN_UNDECLARED_SELECTOR = YES;
				GCC_WARN_UNINITIALIZED_AUTOS = YES_AGGRESSIVE;
				GCC_WARN_UNUSED_FUNCTION = YES;
				GCC_WARN_UNUSED_VARIABLE = YES;
				IPHONEOS_DEPLOYMENT_TARGET = 9.2;
				MTL_ENABLE_DEBUG_INFO = NO;
				SDKROOT = iphoneos;
				TARGETED_DEVICE_FAMILY = "1,2";
				VALIDATE_PRODUCT = YES;
			};
			name = Release;
		};
		92684AFB1C7118F600AB446F /* Debug */ = {
			isa = XCBuildConfiguration;
			buildSettings = {
				ASSETCATALOG_COMPILER_APPICON_NAME = AppIcon;
				INFOPLIST_FILE = TwoView/Info.plist;
				LD_RUNPATH_SEARCH_PATHS = "$(inherited) @executable_path/Frameworks";
				PRODUCT_BUNDLE_IDENTIFIER = de.andapp.ios.TwoView;
				PRODUCT_NAME = "$(TARGET_NAME)";
			};
			name = Debug;
		};
		92684AFC1C7118F600AB446F /* Release */ = {
			isa = XCBuildConfiguration;
			buildSettings = {
				ASSETCATALOG_COMPILER_APPICON_NAME = AppIcon;
				INFOPLIST_FILE = TwoView/Info.plist;
				LD_RUNPATH_SEARCH_PATHS = "$(inherited) @executable_path/Frameworks";
				PRODUCT_BUNDLE_IDENTIFIER = de.andapp.ios.TwoView;
				PRODUCT_NAME = "$(TARGET_NAME)";
			};
			name = Release;
		};
/* End XCBuildConfiguration section */

/* Begin XCConfigurationList section */
		92684AE31C7118F600AB446F /* Build configuration list for PBXProject "TwoView" */ = {
			isa = XCConfigurationList;
			buildConfigurations = (
				92684AF81C7118F600AB446F /* Debug */,
				92684AF91C7118F600AB446F /* Release */,
			);
			defaultConfigurationIsVisible = 0;
			defaultConfigurationName = Release;
		};
		92684AFA1C7118F600AB446F /* Build configuration list for PBXNativeTarget "TwoView" */ = {
			isa = XCConfigurationList;
			buildConfigurations = (
				92684AFB1C7118F600AB446F /* Debug */,
				92684AFC1C7118F600AB446F /* Release */,
			);
			defaultConfigurationIsVisible = 0;
			defaultConfigurationName = Release;
		};
/* End XCConfigurationList section */
	};
	rootObject = 92684AE01C7118F600AB446F /* Project object */;
}
